{
  "name": "sensorario-design-system",
  "version": "1.0.15",
  "lockfileVersion": 3,
  "requires": true,
  "packages": {
    "": {
      "name": "sensorario-design-system",
      "version": "1.0.15",
      "license": "ISC",
      "devDependencies": {
        "react": "^19.0.0-rc-8971381549-20240625"
      }
    },
    "node_modules/react": {
      "version": "19.0.0-rc-8971381549-20240625",
      "resolved": "https://registry.npmjs.org/react/-/react-19.0.0-rc-8971381549-20240625.tgz",
      "integrity": "sha512-tL/VinGicW+OwZyr9H54kKxhPr6esZKwrzjyo3ryPD/lIm/K/HC/4DK0CYd0QGSnAnYnzDF+tYcaD1Bm/Sc3vQ==",
      "dev": true,
      "engines": {
        "node": ">=0.10.0"
      }
    }
  }
}
